
Microsoft Visual Studio Solution File, Format Version 12.00
# Visual Studio Version 17
VisualStudioVersion = 17.5.33530.505
MinimumVisualStudioVersion = 10.0.40219.1
Project("{9A19103F-16F7-4668-BE54-9A1E7A4F7556}") = "VueApp", "VueApp\VueApp.csproj", "{BE198674-FB89-4B98-888C-0965A90C1A44}"
EndProject
Project("{9A19103F-16F7-4668-BE54-9A1E7A4F7556}") = "Models", "Models\Models.csproj", "{12F11DC6-224D-480F-8868-5C489021B08D}"
EndProject
Project("{9A19103F-16F7-4668-BE54-9A1E7A4F7556}") = "Services", "Services\Services.csproj", "{FE95C62C-F700-46CE-A2C8-3E9B0856C06D}"
EndProject
Project("{9A19103F-16F7-4668-BE54-9A1E7A4F7556}") = "IServices", "IServices\IServices.csproj", "{4465CDDB-8172-4F8E-8651-131C71D8BE94}"
EndProject
Project("{9A19103F-16F7-4668-BE54-9A1E7A4F7556}") = "BasicClass", "BasicClass\BasicClass.csproj", "{1B124CF6-53A1-4CBB-82C5-4C0D3B0CB911}"
EndProject
Global
	GlobalSection(SolutionConfigurationPlatforms) = preSolution
		Debug|Any CPU = Debug|Any CPU
		Release|Any CPU = Release|Any CPU
	EndGlobalSection
	GlobalSection(ProjectConfigurationPlatforms) = postSolution
		{BE198674-FB89-4B98-888C-0965A90C1A44}.Debug|Any CPU.ActiveCfg = Debug|Any CPU
		{BE198674-FB89-4B98-888C-0965A90C1A44}.Debug|Any CPU.Build.0 = Debug|Any CPU
		{BE198674-FB89-4B98-888C-0965A90C1A44}.Release|Any CPU.ActiveCfg = Release|Any CPU
		{BE198674-FB89-4B98-888C-0965A90C1A44}.Release|Any CPU.Build.0 = Release|Any CPU
		{12F11DC6-224D-480F-8868-5C489021B08D}.Debug|Any CPU.ActiveCfg = Debug|Any CPU
		{12F11DC6-224D-480F-8868-5C489021B08D}.Debug|Any CPU.Build.0 = Debug|Any CPU
		{12F11DC6-224D-480F-8868-5C489021B08D}.Release|Any CPU.ActiveCfg = Release|Any CPU
		{12F11DC6-224D-480F-8868-5C489021B08D}.Release|Any CPU.Build.0 = Release|Any CPU
		{FE95C62C-F700-46CE-A2C8-3E9B0856C06D}.Debug|Any CPU.ActiveCfg = Debug|Any CPU
		{FE95C62C-F700-46CE-A2C8-3E9B0856C06D}.Debug|Any CPU.Build.0 = Debug|Any CPU
		{FE95C62C-F700-46CE-A2C8-3E9B0856C06D}.Release|Any CPU.ActiveCfg = Release|Any CPU
		{FE95C62C-F700-46CE-A2C8-3E9B0856C06D}.Release|Any CPU.Build.0 = Release|Any CPU
		{4465CDDB-8172-4F8E-8651-131C71D8BE94}.Debug|Any CPU.ActiveCfg = Debug|Any CPU
		{4465CDDB-8172-4F8E-8651-131C71D8BE94}.Debug|Any CPU.Build.0 = Debug|Any CPU
		{4465CDDB-8172-4F8E-8651-131C71D8BE94}.Release|Any CPU.ActiveCfg = Release|Any CPU
		{4465CDDB-8172-4F8E-8651-131C71D8BE94}.Release|Any CPU.Build.0 = Release|Any CPU
		{1B124CF6-53A1-4CBB-82C5-4C0D3B0CB911}.Debug|Any CPU.ActiveCfg = Debug|Any CPU
		{1B124CF6-53A1-4CBB-82C5-4C0D3B0CB911}.Debug|Any CPU.Build.0 = Debug|Any CPU
		{1B124CF6-53A1-4CBB-82C5-4C0D3B0CB911}.Release|Any CPU.ActiveCfg = Release|Any CPU
		{1B124CF6-53A1-4CBB-82C5-4C0D3B0CB911}.Release|Any CPU.Build.0 = Release|Any CPU
	EndGlobalSection
	GlobalSection(SolutionProperties) = preSolution
		HideSolutionNode = FALSE
	EndGlobalSection
	GlobalSection(ExtensibilityGlobals) = postSolution
		SolutionGuid = {5D80AD1B-0BF4-49E6-AEFF-40550D460F05}
	EndGlobalSection
EndGlobal
